
Microsoft Visual Studio Solution File, Format Version 12.00
# Visual Studio Version 17
VisualStudioVersion = 17.13.35507.96 d17.13
MinimumVisualStudioVersion = 10.0.40219.1
Project("{8BC9CEB8-8B4A-11D0-8D11-00A0C91BC942}") = "Core", "Core\Core.vcxproj", "{720842EE-540F-4790-9970-DD6818972D46}"
EndProject
Project("{8BC9CEB8-8B4A-11D0-8D11-00A0C91BC942}") = "Grid", "Grid\Grid.vcxproj", "{903DF5B8-098C-462E-A761-E9285686918F}"
EndProject
Project("{8BC9CEB8-8B4A-11D0-8D11-00A0C91BC942}") = "Grid.Test", "Grid.Test\Grid.Test.vcxproj", "{2EFE85D5-85E6-1BCF-FCDD-A32A2AE84318}"
EndProject
Global
	GlobalSection(SolutionConfigurationPlatforms) = preSolution
		Debug|x64 = Debug|x64
		Debug|x86 = Debug|x86
		Release|x64 = Release|x64
		Release|x86 = Release|x86
	EndGlobalSection
	GlobalSection(ProjectConfigurationPlatforms) = postSolution
		{720842EE-540F-4790-9970-DD6818972D46}.Debug|x64.ActiveCfg = Debug|x64
		{720842EE-540F-4790-9970-DD6818972D46}.Debug|x64.Build.0 = Debug|x64
		{720842EE-540F-4790-9970-DD6818972D46}.Debug|x86.ActiveCfg = Debug|Win32
		{720842EE-540F-4790-9970-DD6818972D46}.Debug|x86.Build.0 = Debug|Win32
		{720842EE-540F-4790-9970-DD6818972D46}.Release|x64.ActiveCfg = Release|x64
		{720842EE-540F-4790-9970-DD6818972D46}.Release|x64.Build.0 = Release|x64
		{720842EE-540F-4790-9970-DD6818972D46}.Release|x86.ActiveCfg = Release|Win32
		{720842EE-540F-4790-9970-DD6818972D46}.Release|x86.Build.0 = Release|Win32
		{903DF5B8-098C-462E-A761-E9285686918F}.Debug|x64.ActiveCfg = Debug|x64
		{903DF5B8-098C-462E-A761-E9285686918F}.Debug|x64.Build.0 = Debug|x64
		{903DF5B8-098C-462E-A761-E9285686918F}.Debug|x86.ActiveCfg = Debug|Win32
		{903DF5B8-098C-462E-A761-E9285686918F}.Debug|x86.Build.0 = Debug|Win32
		{903DF5B8-098C-462E-A761-E9285686918F}.Release|x64.ActiveCfg = Release|x64
		{903DF5B8-098C-462E-A761-E9285686918F}.Release|x64.Build.0 = Release|x64
		{903DF5B8-098C-462E-A761-E9285686918F}.Release|x86.ActiveCfg = Release|Win32
		{903DF5B8-098C-462E-A761-E9285686918F}.Release|x86.Build.0 = Release|Win32
		{2EFE85D5-85E6-1BCF-FCDD-A32A2AE84318}.Debug|x64.ActiveCfg = Debug|x64
		{2EFE85D5-85E6-1BCF-FCDD-A32A2AE84318}.Debug|x64.Build.0 = Debug|x64
		{2EFE85D5-85E6-1BCF-FCDD-A32A2AE84318}.Debug|x86.ActiveCfg = Debug|Win32
		{2EFE85D5-85E6-1BCF-FCDD-A32A2AE84318}.Debug|x86.Build.0 = Debug|Win32
		{2EFE85D5-85E6-1BCF-FCDD-A32A2AE84318}.Release|x64.ActiveCfg = Release|x64
		{2EFE85D5-85E6-1BCF-FCDD-A32A2AE84318}.Release|x64.Build.0 = Release|x64
		{2EFE85D5-85E6-1BCF-FCDD-A32A2AE84318}.Release|x86.ActiveCfg = Release|Win32
		{2EFE85D5-85E6-1BCF-FCDD-A32A2AE84318}.Release|x86.Build.0 = Release|Win32
	EndGlobalSection
	GlobalSection(SolutionProperties) = preSolution
		HideSolutionNode = FALSE
	EndGlobalSection
	GlobalSection(ExtensibilityGlobals) = postSolution
		SolutionGuid = {4D2F3A8C-D7B0-47A1-A20E-3192642B5A2C}
	EndGlobalSection
EndGlobal
